
Microsoft Visual Studio Solution File, Format Version 12.00
# Visual Studio 2012
Project("{8BC9CEB8-8B4A-11D0-8D11-00A0C91BC942}") = "Constan", "Constan\Constan.vcxproj", "{825A0722-58DA-4FE9-AC10-A9E6FDE10B5E}"
	ProjectSection(ProjectDependencies) = postProject
		{E08D3875-AB84-416A-90AC-53ECB08020E4} = {E08D3875-AB84-416A-90AC-53ECB08020E4}
		{C4509578-1E32-4B9C-B88A-85071DE1F17B} = {C4509578-1E32-4B9C-B88A-85071DE1F17B}
		{382ECAAA-6610-47D7-912B-0F37BAAB1364} = {382ECAAA-6610-47D7-912B-0F37BAAB1364}
		{1C77BDE0-E13F-4CBD-BD66-6B48F3696182} = {1C77BDE0-E13F-4CBD-BD66-6B48F3696182}
	EndProjectSection
EndProject
Project("{8BC9CEB8-8B4A-11D0-8D11-00A0C91BC942}") = "Constan-TextUI", "Constan-TextUI\Constan-TextUI.vcxproj", "{E08D3875-AB84-416A-90AC-53ECB08020E4}"
	ProjectSection(ProjectDependencies) = postProject
		{C4509578-1E32-4B9C-B88A-85071DE1F17B} = {C4509578-1E32-4B9C-B88A-85071DE1F17B}
		{382ECAAA-6610-47D7-912B-0F37BAAB1364} = {382ECAAA-6610-47D7-912B-0F37BAAB1364}
		{1C77BDE0-E13F-4CBD-BD66-6B48F3696182} = {1C77BDE0-E13F-4CBD-BD66-6B48F3696182}
	EndProjectSection
EndProject
Project("{8BC9CEB8-8B4A-11D0-8D11-00A0C91BC942}") = "Constan-Logic", "Constan-Logic\Constan-Logic.vcxproj", "{C4509578-1E32-4B9C-B88A-85071DE1F17B}"
	ProjectSection(ProjectDependencies) = postProject
		{1C77BDE0-E13F-4CBD-BD66-6B48F3696182} = {1C77BDE0-E13F-4CBD-BD66-6B48F3696182}
	EndProjectSection
EndProject
Project("{8BC9CEB8-8B4A-11D0-8D11-00A0C91BC942}") = "Constan-Parser", "Constan-Parser\Constan-Parser.vcxproj", "{1C77BDE0-E13F-4CBD-BD66-6B48F3696182}"
	ProjectSection(ProjectDependencies) = postProject
		{382ECAAA-6610-47D7-912B-0F37BAAB1364} = {382ECAAA-6610-47D7-912B-0F37BAAB1364}
	EndProjectSection
EndProject
Project("{8BC9CEB8-8B4A-11D0-8D11-00A0C91BC942}") = "Constan-Storage", "Constan-Storage\Constan-Storage.vcxproj", "{382ECAAA-6610-47D7-912B-0F37BAAB1364}"
EndProject
Global
	GlobalSection(SolutionConfigurationPlatforms) = preSolution
		Debug|Win32 = Debug|Win32
		Release|Win32 = Release|Win32
	EndGlobalSection
	GlobalSection(ProjectConfigurationPlatforms) = postSolution
		{825A0722-58DA-4FE9-AC10-A9E6FDE10B5E}.Debug|Win32.ActiveCfg = Debug|Win32
		{825A0722-58DA-4FE9-AC10-A9E6FDE10B5E}.Debug|Win32.Build.0 = Debug|Win32
		{825A0722-58DA-4FE9-AC10-A9E6FDE10B5E}.Release|Win32.ActiveCfg = Release|Win32
		{825A0722-58DA-4FE9-AC10-A9E6FDE10B5E}.Release|Win32.Build.0 = Release|Win32
		{E08D3875-AB84-416A-90AC-53ECB08020E4}.Debug|Win32.ActiveCfg = Debug|Win32
		{E08D3875-AB84-416A-90AC-53ECB08020E4}.Debug|Win32.Build.0 = Debug|Win32
		{E08D3875-AB84-416A-90AC-53ECB08020E4}.Release|Win32.ActiveCfg = Release|Win32
		{E08D3875-AB84-416A-90AC-53ECB08020E4}.Release|Win32.Build.0 = Release|Win32
		{C4509578-1E32-4B9C-B88A-85071DE1F17B}.Debug|Win32.ActiveCfg = Debug|Win32
		{C4509578-1E32-4B9C-B88A-85071DE1F17B}.Debug|Win32.Build.0 = Debug|Win32
		{C4509578-1E32-4B9C-B88A-85071DE1F17B}.Release|Win32.ActiveCfg = Release|Win32
		{C4509578-1E32-4B9C-B88A-85071DE1F17B}.Release|Win32.Build.0 = Release|Win32
		{1C77BDE0-E13F-4CBD-BD66-6B48F3696182}.Debug|Win32.ActiveCfg = Debug|Win32
		{1C77BDE0-E13F-4CBD-BD66-6B48F3696182}.Debug|Win32.Build.0 = Debug|Win32
		{1C77BDE0-E13F-4CBD-BD66-6B48F3696182}.Release|Win32.ActiveCfg = Release|Win32
		{1C77BDE0-E13F-4CBD-BD66-6B48F3696182}.Release|Win32.Build.0 = Release|Win32
		{382ECAAA-6610-47D7-912B-0F37BAAB1364}.Debug|Win32.ActiveCfg = Debug|Win32
		{382ECAAA-6610-47D7-912B-0F37BAAB1364}.Debug|Win32.Build.0 = Debug|Win32
		{382ECAAA-6610-47D7-912B-0F37BAAB1364}.Release|Win32.ActiveCfg = Release|Win32
		{382ECAAA-6610-47D7-912B-0F37BAAB1364}.Release|Win32.Build.0 = Release|Win32
	EndGlobalSection
	GlobalSection(SolutionProperties) = preSolution
		HideSolutionNode = FALSE
	EndGlobalSection
EndGlobal
