
Microsoft Visual Studio Solution File, Format Version 12.00
# Visual Studio 2013
VisualStudioVersion = 12.0.21005.1
MinimumVisualStudioVersion = 10.0.40219.1
Project("{8BC9CEB8-8B4A-11D0-8D11-00A0C91BC942}") = "TextBuddy", "CE1_final\CE1_final.vcxproj", "{5F7027FD-5903-4E94-941D-443CE2219473}"
EndProject
Project("{8BC9CEB8-8B4A-11D0-8D11-00A0C91BC942}") = "tbTest", "tbTest\tbTest.vcxproj", "{ACDAC028-7246-4FFA-BC93-1968459524E9}"
EndProject
Global
	GlobalSection(SolutionConfigurationPlatforms) = preSolution
		Debug|Win32 = Debug|Win32
		Release|Win32 = Release|Win32
	EndGlobalSection
	GlobalSection(ProjectConfigurationPlatforms) = postSolution
		{5F7027FD-5903-4E94-941D-443CE2219473}.Debug|Win32.ActiveCfg = Debug|Win32
		{5F7027FD-5903-4E94-941D-443CE2219473}.Debug|Win32.Build.0 = Debug|Win32
		{5F7027FD-5903-4E94-941D-443CE2219473}.Release|Win32.ActiveCfg = Release|Win32
		{5F7027FD-5903-4E94-941D-443CE2219473}.Release|Win32.Build.0 = Release|Win32
		{ACDAC028-7246-4FFA-BC93-1968459524E9}.Debug|Win32.ActiveCfg = Debug|Win32
		{ACDAC028-7246-4FFA-BC93-1968459524E9}.Debug|Win32.Build.0 = Debug|Win32
		{ACDAC028-7246-4FFA-BC93-1968459524E9}.Release|Win32.ActiveCfg = Release|Win32
		{ACDAC028-7246-4FFA-BC93-1968459524E9}.Release|Win32.Build.0 = Release|Win32
	EndGlobalSection
	GlobalSection(SolutionProperties) = preSolution
		HideSolutionNode = FALSE
	EndGlobalSection
EndGlobal
